
Microsoft Visual Studio Solution File, Format Version 12.00
# Visual Studio Version 17
VisualStudioVersion = 17.5.33530.505
MinimumVisualStudioVersion = 10.0.40219.1
Project("{9A19103F-16F7-4668-BE54-9A1E7A4F7556}") = "put-pleasanter-script", "put-pleasanter-script\put-pleasanter-script.csproj", "{C5D351D3-5727-4769-9D84-4B9D20139836}"
EndProject
Project("{9A19103F-16F7-4668-BE54-9A1E7A4F7556}") = "test-put-pleasanter-script", "test-put-pleasanter-script\test-put-pleasanter-script.csproj", "{981185E1-3440-4E8F-9ADC-A2434D157BD2}"
EndProject
Global
	GlobalSection(SolutionConfigurationPlatforms) = preSolution
		Debug|Any CPU = Debug|Any CPU
		Release|Any CPU = Release|Any CPU
	EndGlobalSection
	GlobalSection(ProjectConfigurationPlatforms) = postSolution
		{C5D351D3-5727-4769-9D84-4B9D20139836}.Debug|Any CPU.ActiveCfg = Debug|Any CPU
		{C5D351D3-5727-4769-9D84-4B9D20139836}.Debug|Any CPU.Build.0 = Debug|Any CPU
		{C5D351D3-5727-4769-9D84-4B9D20139836}.Release|Any CPU.ActiveCfg = Release|Any CPU
		{C5D351D3-5727-4769-9D84-4B9D20139836}.Release|Any CPU.Build.0 = Release|Any CPU
		{981185E1-3440-4E8F-9ADC-A2434D157BD2}.Debug|Any CPU.ActiveCfg = Debug|Any CPU
		{981185E1-3440-4E8F-9ADC-A2434D157BD2}.Debug|Any CPU.Build.0 = Debug|Any CPU
		{981185E1-3440-4E8F-9ADC-A2434D157BD2}.Release|Any CPU.ActiveCfg = Release|Any CPU
		{981185E1-3440-4E8F-9ADC-A2434D157BD2}.Release|Any CPU.Build.0 = Release|Any CPU
	EndGlobalSection
	GlobalSection(SolutionProperties) = preSolution
		HideSolutionNode = FALSE
	EndGlobalSection
	GlobalSection(ExtensibilityGlobals) = postSolution
		SolutionGuid = {0E7827AC-9267-452B-80B8-6289939B6242}
	EndGlobalSection
EndGlobal
